
Microsoft Visual Studio Solution File, Format Version 12.00
# Visual Studio 14
VisualStudioVersion = 14.0.25420.1
MinimumVisualStudioVersion = 10.0.40219.1
Project("{FAE04EC0-301F-11D3-BF4B-00C04F79EFBC}") = "Test", "Test\Test.csproj", "{BCD7C4BD-E455-4E65-8F23-E878BB7BE9B2}"
EndProject
Project("{FAE04EC0-301F-11D3-BF4B-00C04F79EFBC}") = "GEV Fast Draw Library", "GEV Fast Draw Library\GEV Fast Draw Library.csproj", "{C5497039-FB48-4AB8-8661-99BAE3CEB7FB}"
EndProject
Global
	GlobalSection(SolutionConfigurationPlatforms) = preSolution
		Debug|Any CPU = Debug|Any CPU
		Debug|x64 = Debug|x64
		Release|Any CPU = Release|Any CPU
		Release|x64 = Release|x64
	EndGlobalSection
	GlobalSection(ProjectConfigurationPlatforms) = postSolution
		{BCD7C4BD-E455-4E65-8F23-E878BB7BE9B2}.Debug|Any CPU.ActiveCfg = Debug|Any CPU
		{BCD7C4BD-E455-4E65-8F23-E878BB7BE9B2}.Debug|Any CPU.Build.0 = Debug|Any CPU
		{BCD7C4BD-E455-4E65-8F23-E878BB7BE9B2}.Debug|x64.ActiveCfg = Debug|x64
		{BCD7C4BD-E455-4E65-8F23-E878BB7BE9B2}.Debug|x64.Build.0 = Debug|x64
		{BCD7C4BD-E455-4E65-8F23-E878BB7BE9B2}.Release|Any CPU.ActiveCfg = Release|Any CPU
		{BCD7C4BD-E455-4E65-8F23-E878BB7BE9B2}.Release|Any CPU.Build.0 = Release|Any CPU
		{BCD7C4BD-E455-4E65-8F23-E878BB7BE9B2}.Release|x64.ActiveCfg = Release|x64
		{BCD7C4BD-E455-4E65-8F23-E878BB7BE9B2}.Release|x64.Build.0 = Release|x64
		{C5497039-FB48-4AB8-8661-99BAE3CEB7FB}.Debug|Any CPU.ActiveCfg = Debug|Any CPU
		{C5497039-FB48-4AB8-8661-99BAE3CEB7FB}.Debug|Any CPU.Build.0 = Debug|Any CPU
		{C5497039-FB48-4AB8-8661-99BAE3CEB7FB}.Debug|x64.ActiveCfg = Debug|x64
		{C5497039-FB48-4AB8-8661-99BAE3CEB7FB}.Debug|x64.Build.0 = Debug|x64
		{C5497039-FB48-4AB8-8661-99BAE3CEB7FB}.Release|Any CPU.ActiveCfg = Release|Any CPU
		{C5497039-FB48-4AB8-8661-99BAE3CEB7FB}.Release|Any CPU.Build.0 = Release|Any CPU
		{C5497039-FB48-4AB8-8661-99BAE3CEB7FB}.Release|x64.ActiveCfg = Release|Any CPU
		{C5497039-FB48-4AB8-8661-99BAE3CEB7FB}.Release|x64.Build.0 = Release|Any CPU
	EndGlobalSection
	GlobalSection(SolutionProperties) = preSolution
		HideSolutionNode = FALSE
	EndGlobalSection
EndGlobal
